
Microsoft Visual Studio Solution File, Format Version 10.00
# Visual Studio 2008
Project("{FAE04EC0-301F-11D3-BF4B-00C04F79EFBC}") = "SmartDeviceProject1", "SmartDeviceProject1\SmartDeviceProject1.csproj", "{00E23C65-4465-4BD3-8B15-D5099F1DD227}"
EndProject
Global
	GlobalSection(SolutionConfigurationPlatforms) = preSolution
		Debug|Any CPU = Debug|Any CPU
		Release|Any CPU = Release|Any CPU
	EndGlobalSection
	GlobalSection(ProjectConfigurationPlatforms) = postSolution
		{00E23C65-4465-4BD3-8B15-D5099F1DD227}.Debug|Any CPU.ActiveCfg = Debug|Any CPU
		{00E23C65-4465-4BD3-8B15-D5099F1DD227}.Debug|Any CPU.Build.0 = Debug|Any CPU
		{00E23C65-4465-4BD3-8B15-D5099F1DD227}.Debug|Any CPU.Deploy.0 = Debug|Any CPU
		{00E23C65-4465-4BD3-8B15-D5099F1DD227}.Release|Any CPU.ActiveCfg = Release|Any CPU
		{00E23C65-4465-4BD3-8B15-D5099F1DD227}.Release|Any CPU.Build.0 = Release|Any CPU
		{00E23C65-4465-4BD3-8B15-D5099F1DD227}.Release|Any CPU.Deploy.0 = Release|Any CPU
	EndGlobalSection
	GlobalSection(SolutionProperties) = preSolution
		HideSolutionNode = FALSE
	EndGlobalSection
EndGlobal
